
Microsoft Visual Studio Solution File, Format Version 12.00
# Visual Studio Version 17
VisualStudioVersion = 17.9.34728.123
MinimumVisualStudioVersion = 10.0.40219.1
Project("{FAE04EC0-301F-11D3-BF4B-00C04F79EFBC}") = "ST10090477_PROG_PART_2_YEAR_3", "ST10090477_PROG_PART_2_YEAR_3\ST10090477_PROG_PART_2_YEAR_3.csproj", "{18597B5E-04D9-4EA2-AC24-BEBFC35332CE}"
EndProject
Global
	GlobalSection(SolutionConfigurationPlatforms) = preSolution
		Debug|Any CPU = Debug|Any CPU
		Release|Any CPU = Release|Any CPU
	EndGlobalSection
	GlobalSection(ProjectConfigurationPlatforms) = postSolution
		{18597B5E-04D9-4EA2-AC24-BEBFC35332CE}.Debug|Any CPU.ActiveCfg = Debug|Any CPU
		{18597B5E-04D9-4EA2-AC24-BEBFC35332CE}.Debug|Any CPU.Build.0 = Debug|Any CPU
		{18597B5E-04D9-4EA2-AC24-BEBFC35332CE}.Release|Any CPU.ActiveCfg = Release|Any CPU
		{18597B5E-04D9-4EA2-AC24-BEBFC35332CE}.Release|Any CPU.Build.0 = Release|Any CPU
	EndGlobalSection
	GlobalSection(SolutionProperties) = preSolution
		HideSolutionNode = FALSE
	EndGlobalSection
	GlobalSection(ExtensibilityGlobals) = postSolution
		SolutionGuid = {54C87634-B1AE-418B-B18F-11219756C91D}
	EndGlobalSection
EndGlobal
